# Generated by buf. DO NOT EDIT.
version: v2
deps:
  - name: buf.build/cosmos/cosmos-proto
    commit: 1935555c206d4afb9e94615dfd0fad31
    digest: b5:0a29584117fe6433fa593d03fbda6b3964ddc59b986cd2277833ee01d4ac215a14b0286241462cd0dee6b460a108823dff5c7c42c9c1f4f7df861fcfa4bbebdf
  - name: buf.build/cosmos/cosmos-sdk
    commit: 05419252bcc241ea8023acf1ed4cadc5
    digest: b5:bec474e46596bf183fa85eb5c33106d432992ae696785c1c5fc1ce2a8f8819cab80c89d0b11557f3e916fd65133451fca4471a05f75ed163c688a8964ecb97b8
  - name: buf.build/cosmos/gogo-proto
    commit: 88ef6483f90f478fb938c37dde52ece3
    digest: b5:f0c69202c9bca9672dc72a9737ea9bc83744daaed2b3da77e3a95b0e53b86dee76b5a7405b993181d6c863fd64afaca0976a302f700d6c4912eb1692a1782c0a
  - name: buf.build/googleapis/googleapis
    commit: 522d453992234d9babc812c05f43717f
    digest: b5:24e758f963ee1bb3b5218eb452e0bdfb7a5449d9a77d174b8284b6368ccc1884213689381cdcd79e4231796c281c128ac1ae50825237b1774deb542bdc704b32
  - name: buf.build/protocolbuffers/wellknowntypes
    commit: 657250e6a39648cbb169d079a60bd9ba
    digest: b5:85308f059dbd8d9f3f435fc449fbf7db27c99ea47930beedbeda45c8c1573a2c0f44f28d8c38e26341a4dace4237723395e1588c07b02a42dce05660306e2027
  - name: buf.build/tendermint/tendermint
    commit: 33ed361a90514289beabf3189e1d7665
    digest: b5:72e7b167e6a474c8ed7763e3fc811d756d48dd0e70d897c1d3b661656aa4ad3cf2adabadf1fa9a8fd644567678a1acd27bec139895b0469258cfa4c3ebae7aab
